
Microsoft Visual Studio Solution File, Format Version 12.00
# Visual Studio Version 16
VisualStudioVersion = 16.0.31205.134
MinimumVisualStudioVersion = 10.0.40219.1
Project("{8BC9CEB8-8B4A-11D0-8D11-00A0C91BC942}") = "Project1", "Project1.vcxproj", "{C93EA463-C53F-49CB-8764-9D3E1469C1FE}"
EndProject
Global
	GlobalSection(SolutionConfigurationPlatforms) = preSolution
		Debug|x64 = Debug|x64
		Debug|x86 = Debug|x86
		Release|x64 = Release|x64
		Release|x86 = Release|x86
	EndGlobalSection
	GlobalSection(ProjectConfigurationPlatforms) = postSolution
		{C93EA463-C53F-49CB-8764-9D3E1469C1FE}.Debug|x64.ActiveCfg = Debug|x64
		{C93EA463-C53F-49CB-8764-9D3E1469C1FE}.Debug|x64.Build.0 = Debug|x64
		{C93EA463-C53F-49CB-8764-9D3E1469C1FE}.Debug|x86.ActiveCfg = Debug|Win32
		{C93EA463-C53F-49CB-8764-9D3E1469C1FE}.Debug|x86.Build.0 = Debug|Win32
		{C93EA463-C53F-49CB-8764-9D3E1469C1FE}.Release|x64.ActiveCfg = Release|x64
		{C93EA463-C53F-49CB-8764-9D3E1469C1FE}.Release|x64.Build.0 = Release|x64
		{C93EA463-C53F-49CB-8764-9D3E1469C1FE}.Release|x86.ActiveCfg = Release|Win32
		{C93EA463-C53F-49CB-8764-9D3E1469C1FE}.Release|x86.Build.0 = Release|Win32
	EndGlobalSection
	GlobalSection(SolutionProperties) = preSolution
		HideSolutionNode = FALSE
	EndGlobalSection
	GlobalSection(ExtensibilityGlobals) = postSolution
		SolutionGuid = {C45B8302-5966-4256-A562-EAD862F0BA66}
	EndGlobalSection
EndGlobal
